// !$*UTF8*$!
{
	archiveVersion = 1;
	classes = {
	};
	objectVersion = 46;
	objects = {

/* Begin PBXBuildFile section */
		8CB2BADE17EB63000070F58E /* SimpleTableCell.xib in Resources */ = {isa = PBXBuildFile; fileRef = 8CB2BADD17EB63000070F58E /* SimpleTableCell.xib */; };
		8CB2BAE217EB67330070F58E /* SimpleTableCell.m in Sources */ = {isa = PBXBuildFile; fileRef = 8CB2BAE117EB67330070F58E /* SimpleTableCell.m */; };
		8CB2BAF217EC09590070F58E /* recipes.plist in Resources */ = {isa = PBXBuildFile; fileRef = 8CB2BAF117EC09590070F58E /* recipes.plist */; };
		8CC43A9617EA913700CFFBE0 /* UIKit.framework in Frameworks */ = {isa = PBXBuildFile; fileRef = 8CC43A9517EA913700CFFBE0 /* UIKit.framework */; };
		8CC43A9817EA913700CFFBE0 /* Foundation.framework in Frameworks */ = {isa = PBXBuildFile; fileRef = 8CC43A9717EA913700CFFBE0 /* Foundation.framework */; };
		8CC43A9A17EA913700CFFBE0 /* CoreGraphics.framework in Frameworks */ = {isa = PBXBuildFile; fileRef = 8CC43A9917EA913700CFFBE0 /* CoreGraphics.framework */; };
		8CC43AA017EA913700CFFBE0 /* InfoPlist.strings in Resources */ = {isa = PBXBuildFile; fileRef = 8CC43A9E17EA913700CFFBE0 /* InfoPlist.strings */; };
		8CC43AA217EA913700CFFBE0 /* main.m in Sources */ = {isa = PBXBuildFile; fileRef = 8CC43AA117EA913700CFFBE0 /* main.m */; };
		8CC43AA617EA913700CFFBE0 /* AppDelegate.m in Sources */ = {isa = PBXBuildFile; fileRef = 8CC43AA517EA913700CFFBE0 /* AppDelegate.m */; };
		8CC43AA817EA913700CFFBE0 /* Default.png in Resources */ = {isa = PBXBuildFile; fileRef = 8CC43AA717EA913700CFFBE0 /* Default.png */; };
		8CC43AAA17EA913700CFFBE0 /* Default@2x.png in Resources */ = {isa = PBXBuildFile; fileRef = 8CC43AA917EA913700CFFBE0 /* Default@2x.png */; };
		8CC43AAC17EA913700CFFBE0 /* Default-568h@2x.png in Resources */ = {isa = PBXBuildFile; fileRef = 8CC43AAB17EA913700CFFBE0 /* Default-568h@2x.png */; };
		8CC43AAF17EA913700CFFBE0 /* ViewController.m in Sources */ = {isa = PBXBuildFile; fileRef = 8CC43AAE17EA913700CFFBE0 /* ViewController.m */; };
		8CC43AB217EA913700CFFBE0 /* ViewController.xib in Resources */ = {isa = PBXBuildFile; fileRef = 8CC43AB017EA913700CFFBE0 /* ViewController.xib */; };
		8CC43ABB17EAA2DF00CFFBE0 /* image.jpg in Resources */ = {isa = PBXBuildFile; fileRef = 8CC43ABA17EAA2DF00CFFBE0 /* image.jpg */; };
		8CC43ACC17EAAC9C00CFFBE0 /* hamburger.jpg in Resources */ = {isa = PBXBuildFile; fileRef = 8CC43ABC17EAAC9C00CFFBE0 /* hamburger.jpg */; };
		8CC43ACD17EAAC9C00CFFBE0 /* ham_and_cheese_panini.jpg in Resources */ = {isa = PBXBuildFile; fileRef = 8CC43ABD17EAAC9C00CFFBE0 /* ham_and_cheese_panini.jpg */; };
		8CC43ACE17EAAC9C00CFFBE0 /* egg_benedict.jpg in Resources */ = {isa = PBXBuildFile; fileRef = 8CC43ABE17EAAC9C00CFFBE0 /* egg_benedict.jpg */; };
		8CC43ACF17EAAC9C00CFFBE0 /* starbucks_coffee.jpg in Resources */ = {isa = PBXBuildFile; fileRef = 8CC43ABF17EAAC9C00CFFBE0 /* starbucks_coffee.jpg */; };
		8CC43AD017EAAC9C00CFFBE0 /* japanese_noodle_with_pork.jpg in Resources */ = {isa = PBXBuildFile; fileRef = 8CC43AC017EAAC9C00CFFBE0 /* japanese_noodle_with_pork.jpg */; };
		8CC43AD117EAAC9C00CFFBE0 /* vegetable_curry.jpg in Resources */ = {isa = PBXBuildFile; fileRef = 8CC43AC117EAAC9C00CFFBE0 /* vegetable_curry.jpg */; };
		8CC43AD217EAAC9C00CFFBE0 /* mushroom_risotto.jpg in Resources */ = {isa = PBXBuildFile; fileRef = 8CC43AC217EAAC9C00CFFBE0 /* mushroom_risotto.jpg */; };
		8CC43AD317EAAC9C00CFFBE0 /* angry_birds_cake.jpg in Resources */ = {isa = PBXBuildFile; fileRef = 8CC43AC317EAAC9C00CFFBE0 /* angry_birds_cake.jpg */; };
		8CC43AD417EAAC9C00CFFBE0 /* thai_shrimp_cake.jpg in Resources */ = {isa = PBXBuildFile; fileRef = 8CC43AC417EAAC9C00CFFBE0 /* thai_shrimp_cake.jpg */; };
		8CC43AD517EAAC9C00CFFBE0 /* instant_noodle_with_egg.jpg in Resources */ = {isa = PBXBuildFile; fileRef = 8CC43AC517EAAC9C00CFFBE0 /* instant_noodle_with_egg.jpg */; };
		8CC43AD617EAAC9C00CFFBE0 /* noodle_with_bbq_pork.jpg in Resources */ = {isa = PBXBuildFile; fileRef = 8CC43AC617EAAC9C00CFFBE0 /* noodle_with_bbq_pork.jpg */; };
		8CC43AD717EAAC9C00CFFBE0 /* white_chocolate_donut.jpg in Resources */ = {isa = PBXBuildFile; fileRef = 8CC43AC717EAAC9C00CFFBE0 /* white_chocolate_donut.jpg */; };
		8CC43AD817EAAC9C00CFFBE0 /* full_breakfast.jpg in Resources */ = {isa = PBXBuildFile; fileRef = 8CC43AC817EAAC9C00CFFBE0 /* full_breakfast.jpg */; };
		8CC43AD917EAAC9C00CFFBE0 /* green_tea.jpg in Resources */ = {isa = PBXBuildFile; fileRef = 8CC43AC917EAAC9C00CFFBE0 /* green_tea.jpg */; };
		8CC43ADA17EAAC9C00CFFBE0 /* ham_and_egg_sandwich.jpg in Resources */ = {isa = PBXBuildFile; fileRef = 8CC43ACA17EAAC9C00CFFBE0 /* ham_and_egg_sandwich.jpg */; };
		8CC43ADB17EAAC9C00CFFBE0 /* creme_brelee.jpg in Resources */ = {isa = PBXBuildFile; fileRef = 8CC43ACB17EAAC9C00CFFBE0 /* creme_brelee.jpg */; };
		8CCC264D17FF526C005959C6 /* Recipe.m in Sources */ = {isa = PBXBuildFile; fileRef = 8CCC264C17FF526C005959C6 /* Recipe.m */; };
/* End PBXBuildFile section */

/* Begin PBXFileReference section */
		8CB2BADD17EB63000070F58E /* SimpleTableCell.xib */ = {isa = PBXFileReference; fileEncoding = 4; lastKnownFileType = file.xib; path = SimpleTableCell.xib; sourceTree = "<group>"; };
		8CB2BAE017EB67330070F58E /* SimpleTableCell.h */ = {isa = PBXFileReference; fileEncoding = 4; lastKnownFileType = sourcecode.c.h; path = SimpleTableCell.h; sourceTree = "<group>"; };
		8CB2BAE117EB67330070F58E /* SimpleTableCell.m */ = {isa = PBXFileReference; fileEncoding = 4; lastKnownFileType = sourcecode.c.objc; path = SimpleTableCell.m; sourceTree = "<group>"; };
		8CB2BAF117EC09590070F58E /* recipes.plist */ = {isa = PBXFileReference; fileEncoding = 4; lastKnownFileType = text.plist.xml; path = recipes.plist; sourceTree = "<group>"; };
		8CC43A9117EA913700CFFBE0 /* SimpleTableAppCoda.app */ = {isa = PBXFileReference; explicitFileType = wrapper.application; includeInIndex = 0; path = SimpleTableAppCoda.app; sourceTree = BUILT_PRODUCTS_DIR; };
		8CC43A9517EA913700CFFBE0 /* UIKit.framework */ = {isa = PBXFileReference; lastKnownFileType = wrapper.framework; name = UIKit.framework; path = System/Library/Frameworks/UIKit.framework; sourceTree = SDKROOT; };
		8CC43A9717EA913700CFFBE0 /* Foundation.framework */ = {isa = PBXFileReference; lastKnownFileType = wrapper.framework; name = Foundation.framework; path = System/Library/Frameworks/Foundation.framework; sourceTree = SDKROOT; };
		8CC43A9917EA913700CFFBE0 /* CoreGraphics.framework */ = {isa = PBXFileReference; lastKnownFileType = wrapper.framework; name = CoreGraphics.framework; path = System/Library/Frameworks/CoreGraphics.framework; sourceTree = SDKROOT; };
		8CC43A9D17EA913700CFFBE0 /* SimpleTableAppCoda-Info.plist */ = {isa = PBXFileReference; lastKnownFileType = text.plist.xml; path = "SimpleTableAppCoda-Info.plist"; sourceTree = "<group>"; };
		8CC43A9F17EA913700CFFBE0 /* en */ = {isa = PBXFileReference; lastKnownFileType = text.plist.strings; name = en; path = en.lproj/InfoPlist.strings; sourceTree = "<group>"; };
		8CC43AA117EA913700CFFBE0 /* main.m */ = {isa = PBXFileReference; lastKnownFileType = sourcecode.c.objc; path = main.m; sourceTree = "<group>"; };
		8CC43AA317EA913700CFFBE0 /* SimpleTableAppCoda-Prefix.pch */ = {isa = PBXFileReference; lastKnownFileType = sourcecode.c.h; path = "SimpleTableAppCoda-Prefix.pch"; sourceTree = "<group>"; };
		8CC43AA417EA913700CFFBE0 /* AppDelegate.h */ = {isa = PBXFileReference; lastKnownFileType = sourcecode.c.h; path = AppDelegate.h; sourceTree = "<group>"; };
		8CC43AA517EA913700CFFBE0 /* AppDelegate.m */ = {isa = PBXFileReference; lastKnownFileType = sourcecode.c.objc; path = AppDelegate.m; sourceTree = "<group>"; };
		8CC43AA717EA913700CFFBE0 /* Default.png */ = {isa = PBXFileReference; lastKnownFileType = image.png; path = Default.png; sourceTree = "<group>"; };
		8CC43AA917EA913700CFFBE0 /* Default@2x.png */ = {isa = PBXFileReference; lastKnownFileType = image.png; path = "Default@2x.png"; sourceTree = "<group>"; };
		8CC43AAB17EA913700CFFBE0 /* Default-568h@2x.png */ = {isa = PBXFileReference; lastKnownFileType = image.png; path = "Default-568h@2x.png"; sourceTree = "<group>"; };
		8CC43AAD17EA913700CFFBE0 /* ViewController.h */ = {isa = PBXFileReference; lastKnownFileType = sourcecode.c.h; path = ViewController.h; sourceTree = "<group>"; };
		8CC43AAE17EA913700CFFBE0 /* ViewController.m */ = {isa = PBXFileReference; lastKnownFileType = sourcecode.c.objc; path = ViewController.m; sourceTree = "<group>"; };
		8CC43AB117EA913700CFFBE0 /* en */ = {isa = PBXFileReference; lastKnownFileType = file.xib; name = en; path = en.lproj/ViewController.xib; sourceTree = "<group>"; };
		8CC43ABA17EAA2DF00CFFBE0 /* image.jpg */ = {isa = PBXFileReference; lastKnownFileType = image.jpeg; path = image.jpg; sourceTree = "<group>"; };
		8CC43ABC17EAAC9C00CFFBE0 /* hamburger.jpg */ = {isa = PBXFileReference; lastKnownFileType = image.jpeg; path = hamburger.jpg; sourceTree = "<group>"; };
		8CC43ABD17EAAC9C00CFFBE0 /* ham_and_cheese_panini.jpg */ = {isa = PBXFileReference; lastKnownFileType = image.jpeg; path = ham_and_cheese_panini.jpg; sourceTree = "<group>"; };
		8CC43ABE17EAAC9C00CFFBE0 /* egg_benedict.jpg */ = {isa = PBXFileReference; lastKnownFileType = image.jpeg; path = egg_benedict.jpg; sourceTree = "<group>"; };
		8CC43ABF17EAAC9C00CFFBE0 /* starbucks_coffee.jpg */ = {isa = PBXFileReference; lastKnownFileType = image.jpeg; path = starbucks_coffee.jpg; sourceTree = "<group>"; };
		8CC43AC017EAAC9C00CFFBE0 /* japanese_noodle_with_pork.jpg */ = {isa = PBXFileReference; lastKnownFileType = image.jpeg; path = japanese_noodle_with_pork.jpg; sourceTree = "<group>"; };
		8CC43AC117EAAC9C00CFFBE0 /* vegetable_curry.jpg */ = {isa = PBXFileReference; lastKnownFileType = image.jpeg; path = vegetable_curry.jpg; sourceTree = "<group>"; };
		8CC43AC217EAAC9C00CFFBE0 /* mushroom_risotto.jpg */ = {isa = PBXFileReference; lastKnownFileType = image.jpeg; path = mushroom_risotto.jpg; sourceTree = "<group>"; };
		8CC43AC317EAAC9C00CFFBE0 /* angry_birds_cake.jpg */ = {isa = PBXFileReference; lastKnownFileType = image.jpeg; path = angry_birds_cake.jpg; sourceTree = "<group>"; };
		8CC43AC417EAAC9C00CFFBE0 /* thai_shrimp_cake.jpg */ = {isa = PBXFileReference; lastKnownFileType = image.jpeg; path = thai_shrimp_cake.jpg; sourceTree = "<group>"; };
		8CC43AC517EAAC9C00CFFBE0 /* instant_noodle_with_egg.jpg */ = {isa = PBXFileReference; lastKnownFileType = image.jpeg; path = instant_noodle_with_egg.jpg; sourceTree = "<group>"; };
		8CC43AC617EAAC9C00CFFBE0 /* noodle_with_bbq_pork.jpg */ = {isa = PBXFileReference; lastKnownFileType = image.jpeg; path = noodle_with_bbq_pork.jpg; sourceTree = "<group>"; };
		8CC43AC717EAAC9C00CFFBE0 /* white_chocolate_donut.jpg */ = {isa = PBXFileReference; lastKnownFileType = image.jpeg; path = white_chocolate_donut.jpg; sourceTree = "<group>"; };
		8CC43AC817EAAC9C00CFFBE0 /* full_breakfast.jpg */ = {isa = PBXFileReference; lastKnownFileType = image.jpeg; path = full_breakfast.jpg; sourceTree = "<group>"; };
		8CC43AC917EAAC9C00CFFBE0 /* green_tea.jpg */ = {isa = PBXFileReference; lastKnownFileType = image.jpeg; path = green_tea.jpg; sourceTree = "<group>"; };
		8CC43ACA17EAAC9C00CFFBE0 /* ham_and_egg_sandwich.jpg */ = {isa = PBXFileReference; lastKnownFileType = image.jpeg; path = ham_and_egg_sandwich.jpg; sourceTree = "<group>"; };
		8CC43ACB17EAAC9C00CFFBE0 /* creme_brelee.jpg */ = {isa = PBXFileReference; lastKnownFileType = image.jpeg; path = creme_brelee.jpg; sourceTree = "<group>"; };
		8CCC264B17FF526C005959C6 /* Recipe.h */ = {isa = PBXFileReference; fileEncoding = 4; lastKnownFileType = sourcecode.c.h; path = Recipe.h; sourceTree = "<group>"; };
		8CCC264C17FF526C005959C6 /* Recipe.m */ = {isa = PBXFileReference; fileEncoding = 4; lastKnownFileType = sourcecode.c.objc; path = Recipe.m; sourceTree = "<group>"; };
/* End PBXFileReference section */

/* Begin PBXFrameworksBuildPhase section */
		8CC43A8E17EA913700CFFBE0 /* Frameworks */ = {
			isa = PBXFrameworksBuildPhase;
			buildActionMask = 2147483647;
			files = (
				8CC43A9617EA913700CFFBE0 /* UIKit.framework in Frameworks */,
				8CC43A9817EA913700CFFBE0 /* Foundation.framework in Frameworks */,
				8CC43A9A17EA913700CFFBE0 /* CoreGraphics.framework in Frameworks */,
			);
			runOnlyForDeploymentPostprocessing = 0;
		};
/* End PBXFrameworksBuildPhase section */

/* Begin PBXGroup section */
		8CC43A8617EA913700CFFBE0 = {
			isa = PBXGroup;
			children = (
				8CC43A9B17EA913700CFFBE0 /* SimpleTableAppCoda */,
				8CC43A9417EA913700CFFBE0 /* Frameworks */,
				8CC43A9217EA913700CFFBE0 /* Products */,
			);
			sourceTree = "<group>";
		};
		8CC43A9217EA913700CFFBE0 /* Products */ = {
			isa = PBXGroup;
			children = (
				8CC43A9117EA913700CFFBE0 /* SimpleTableAppCoda.app */,
			);
			name = Products;
			sourceTree = "<group>";
		};
		8CC43A9417EA913700CFFBE0 /* Frameworks */ = {
			isa = PBXGroup;
			children = (
				8CC43A9517EA913700CFFBE0 /* UIKit.framework */,
				8CC43A9717EA913700CFFBE0 /* Foundation.framework */,
				8CC43A9917EA913700CFFBE0 /* CoreGraphics.framework */,
			);
			name = Frameworks;
			sourceTree = "<group>";
		};
		8CC43A9B17EA913700CFFBE0 /* SimpleTableAppCoda */ = {
			isa = PBXGroup;
			children = (
				8CC43AAD17EA913700CFFBE0 /* ViewController.h */,
				8CC43AAE17EA913700CFFBE0 /* ViewController.m */,
				8CC43AB017EA913700CFFBE0 /* ViewController.xib */,
				8CB2BADD17EB63000070F58E /* SimpleTableCell.xib */,
				8CB2BAE017EB67330070F58E /* SimpleTableCell.h */,
				8CB2BAE117EB67330070F58E /* SimpleTableCell.m */,
				8CCC264B17FF526C005959C6 /* Recipe.h */,
				8CCC264C17FF526C005959C6 /* Recipe.m */,
				8CC43A9C17EA913700CFFBE0 /* Supporting Files */,
			);
			path = SimpleTableAppCoda;
			sourceTree = "<group>";
		};
		8CC43A9C17EA913700CFFBE0 /* Supporting Files */ = {
			isa = PBXGroup;
			children = (
				8CC43AA417EA913700CFFBE0 /* AppDelegate.h */,
				8CC43AA517EA913700CFFBE0 /* AppDelegate.m */,
				8CB2BAF117EC09590070F58E /* recipes.plist */,
				8CC43ABC17EAAC9C00CFFBE0 /* hamburger.jpg */,
				8CC43ABD17EAAC9C00CFFBE0 /* ham_and_cheese_panini.jpg */,
				8CC43ABE17EAAC9C00CFFBE0 /* egg_benedict.jpg */,
				8CC43ABF17EAAC9C00CFFBE0 /* starbucks_coffee.jpg */,
				8CC43AC017EAAC9C00CFFBE0 /* japanese_noodle_with_pork.jpg */,
				8CC43AC117EAAC9C00CFFBE0 /* vegetable_curry.jpg */,
				8CC43AC217EAAC9C00CFFBE0 /* mushroom_risotto.jpg */,
				8CC43AC317EAAC9C00CFFBE0 /* angry_birds_cake.jpg */,
				8CC43AC417EAAC9C00CFFBE0 /* thai_shrimp_cake.jpg */,
				8CC43AC517EAAC9C00CFFBE0 /* instant_noodle_with_egg.jpg */,
				8CC43AC617EAAC9C00CFFBE0 /* noodle_with_bbq_pork.jpg */,
				8CC43AC717EAAC9C00CFFBE0 /* white_chocolate_donut.jpg */,
				8CC43AC817EAAC9C00CFFBE0 /* full_breakfast.jpg */,
				8CC43AC917EAAC9C00CFFBE0 /* green_tea.jpg */,
				8CC43ACA17EAAC9C00CFFBE0 /* ham_and_egg_sandwich.jpg */,
				8CC43ACB17EAAC9C00CFFBE0 /* creme_brelee.jpg */,
				8CC43ABA17EAA2DF00CFFBE0 /* image.jpg */,
				8CC43A9D17EA913700CFFBE0 /* SimpleTableAppCoda-Info.plist */,
				8CC43A9E17EA913700CFFBE0 /* InfoPlist.strings */,
				8CC43AA117EA913700CFFBE0 /* main.m */,
				8CC43AA317EA913700CFFBE0 /* SimpleTableAppCoda-Prefix.pch */,
				8CC43AA717EA913700CFFBE0 /* Default.png */,
				8CC43AA917EA913700CFFBE0 /* Default@2x.png */,
				8CC43AAB17EA913700CFFBE0 /* Default-568h@2x.png */,
			);
			name = "Supporting Files";
			sourceTree = "<group>";
		};
/* End PBXGroup section */

/* Begin PBXNativeTarget section */
		8CC43A9017EA913700CFFBE0 /* SimpleTableAppCoda */ = {
			isa = PBXNativeTarget;
			buildConfigurationList = 8CC43AB517EA913700CFFBE0 /* Build configuration list for PBXNativeTarget "SimpleTableAppCoda" */;
			buildPhases = (
				8CC43A8D17EA913700CFFBE0 /* Sources */,
				8CC43A8E17EA913700CFFBE0 /* Frameworks */,
				8CC43A8F17EA913700CFFBE0 /* Resources */,
			);
			buildRules = (
			);
			dependencies = (
			);
			name = SimpleTableAppCoda;
			productName = SimpleTableAppCoda;
			productReference = 8CC43A9117EA913700CFFBE0 /* SimpleTableAppCoda.app */;
			productType = "com.apple.product-type.application";
		};
/* End PBXNativeTarget section */

/* Begin PBXProject section */
		8CC43A8817EA913700CFFBE0 /* Project object */ = {
			isa = PBXProject;
			attributes = {
				LastUpgradeCheck = 0450;
				ORGANIZATIONNAME = self;
			};
			buildConfigurationList = 8CC43A8B17EA913700CFFBE0 /* Build configuration list for PBXProject "SimpleTableAppCoda" */;
			compatibilityVersion = "Xcode 3.2";
			developmentRegion = English;
			hasScannedForEncodings = 0;
			knownRegions = (
				en,
			);
			mainGroup = 8CC43A8617EA913700CFFBE0;
			productRefGroup = 8CC43A9217EA913700CFFBE0 /* Products */;
			projectDirPath = "";
			projectRoot = "";
			targets = (
				8CC43A9017EA913700CFFBE0 /* SimpleTableAppCoda */,
			);
		};
/* End PBXProject section */

/* Begin PBXResourcesBuildPhase section */
		8CC43A8F17EA913700CFFBE0 /* Resources */ = {
			isa = PBXResourcesBuildPhase;
			buildActionMask = 2147483647;
			files = (
				8CC43AA017EA913700CFFBE0 /* InfoPlist.strings in Resources */,
				8CC43AA817EA913700CFFBE0 /* Default.png in Resources */,
				8CC43AAA17EA913700CFFBE0 /* Default@2x.png in Resources */,
				8CC43AAC17EA913700CFFBE0 /* Default-568h@2x.png in Resources */,
				8CC43AB217EA913700CFFBE0 /* ViewController.xib in Resources */,
				8CC43ABB17EAA2DF00CFFBE0 /* image.jpg in Resources */,
				8CC43ACC17EAAC9C00CFFBE0 /* hamburger.jpg in Resources */,
				8CC43ACD17EAAC9C00CFFBE0 /* ham_and_cheese_panini.jpg in Resources */,
				8CC43ACE17EAAC9C00CFFBE0 /* egg_benedict.jpg in Resources */,
				8CC43ACF17EAAC9C00CFFBE0 /* starbucks_coffee.jpg in Resources */,
				8CC43AD017EAAC9C00CFFBE0 /* japanese_noodle_with_pork.jpg in Resources */,
				8CC43AD117EAAC9C00CFFBE0 /* vegetable_curry.jpg in Resources */,
				8CC43AD217EAAC9C00CFFBE0 /* mushroom_risotto.jpg in Resources */,
				8CC43AD317EAAC9C00CFFBE0 /* angry_birds_cake.jpg in Resources */,
				8CC43AD417EAAC9C00CFFBE0 /* thai_shrimp_cake.jpg in Resources */,
				8CC43AD517EAAC9C00CFFBE0 /* instant_noodle_with_egg.jpg in Resources */,
				8CC43AD617EAAC9C00CFFBE0 /* noodle_with_bbq_pork.jpg in Resources */,
				8CC43AD717EAAC9C00CFFBE0 /* white_chocolate_donut.jpg in Resources */,
				8CC43AD817EAAC9C00CFFBE0 /* full_breakfast.jpg in Resources */,
				8CC43AD917EAAC9C00CFFBE0 /* green_tea.jpg in Resources */,
				8CC43ADA17EAAC9C00CFFBE0 /* ham_and_egg_sandwich.jpg in Resources */,
				8CC43ADB17EAAC9C00CFFBE0 /* creme_brelee.jpg in Resources */,
				8CB2BADE17EB63000070F58E /* SimpleTableCell.xib in Resources */,
				8CB2BAF217EC09590070F58E /* recipes.plist in Resources */,
			);
			runOnlyForDeploymentPostprocessing = 0;
		};
/* End PBXResourcesBuildPhase section */

/* Begin PBXSourcesBuildPhase section */
		8CC43A8D17EA913700CFFBE0 /* Sources */ = {
			isa = PBXSourcesBuildPhase;
			buildActionMask = 2147483647;
			files = (
				8CC43AA217EA913700CFFBE0 /* main.m in Sources */,
				8CC43AA617EA913700CFFBE0 /* AppDelegate.m in Sources */,
				8CC43AAF17EA913700CFFBE0 /* ViewController.m in Sources */,
				8CB2BAE217EB67330070F58E /* SimpleTableCell.m in Sources */,
				8CCC264D17FF526C005959C6 /* Recipe.m in Sources */,
			);
			runOnlyForDeploymentPostprocessing = 0;
		};
/* End PBXSourcesBuildPhase section */

/* Begin PBXVariantGroup section */
		8CC43A9E17EA913700CFFBE0 /* InfoPlist.strings */ = {
			isa = PBXVariantGroup;
			children = (
				8CC43A9F17EA913700CFFBE0 /* en */,
			);
			name = InfoPlist.strings;
			sourceTree = "<group>";
		};
		8CC43AB017EA913700CFFBE0 /* ViewController.xib */ = {
			isa = PBXVariantGroup;
			children = (
				8CC43AB117EA913700CFFBE0 /* en */,
			);
			name = ViewController.xib;
			sourceTree = "<group>";
		};
/* End PBXVariantGroup section */

/* Begin XCBuildConfiguration section */
		8CC43AB317EA913700CFFBE0 /* Debug */ = {
			isa = XCBuildConfiguration;
			buildSettings = {
				ALWAYS_SEARCH_USER_PATHS = NO;
				CLANG_CXX_LANGUAGE_STANDARD = "gnu++0x";
				CLANG_CXX_LIBRARY = "libc++";
				CLANG_ENABLE_OBJC_ARC = YES;
				CLANG_WARN_EMPTY_BODY = YES;
				CLANG_WARN__DUPLICATE_METHOD_MATCH = YES;
				"CODE_SIGN_IDENTITY[sdk=iphoneos*]" = "iPhone Developer";
				COPY_PHASE_STRIP = NO;
				GCC_C_LANGUAGE_STANDARD = gnu99;
				GCC_DYNAMIC_NO_PIC = NO;
				GCC_OPTIMIZATION_LEVEL = 0;
				GCC_PREPROCESSOR_DEFINITIONS = (
					"DEBUG=1",
					"$(inherited)",
				);
				GCC_SYMBOLS_PRIVATE_EXTERN = NO;
				GCC_WARN_ABOUT_RETURN_TYPE = YES;
				GCC_WARN_UNINITIALIZED_AUTOS = YES;
				GCC_WARN_UNUSED_VARIABLE = YES;
				IPHONEOS_DEPLOYMENT_TARGET = 6.0;
				ONLY_ACTIVE_ARCH = YES;
				SDKROOT = iphoneos;
			};
			name = Debug;
		};
		8CC43AB417EA913700CFFBE0 /* Release */ = {
			isa = XCBuildConfiguration;
			buildSettings = {
				ALWAYS_SEARCH_USER_PATHS = NO;
				CLANG_CXX_LANGUAGE_STANDARD = "gnu++0x";
				CLANG_CXX_LIBRARY = "libc++";
				CLANG_ENABLE_OBJC_ARC = YES;
				CLANG_WARN_EMPTY_BODY = YES;
				CLANG_WARN__DUPLICATE_METHOD_MATCH = YES;
				"CODE_SIGN_IDENTITY[sdk=iphoneos*]" = "iPhone Developer";
				COPY_PHASE_STRIP = YES;
				GCC_C_LANGUAGE_STANDARD = gnu99;
				GCC_WARN_ABOUT_RETURN_TYPE = YES;
				GCC_WARN_UNINITIALIZED_AUTOS = YES;
				GCC_WARN_UNUSED_VARIABLE = YES;
				IPHONEOS_DEPLOYMENT_TARGET = 6.0;
				OTHER_CFLAGS = "-DNS_BLOCK_ASSERTIONS=1";
				SDKROOT = iphoneos;
				VALIDATE_PRODUCT = YES;
			};
			name = Release;
		};
		8CC43AB617EA913700CFFBE0 /* Debug */ = {
			isa = XCBuildConfiguration;
			buildSettings = {
				GCC_PRECOMPILE_PREFIX_HEADER = YES;
				GCC_PREFIX_HEADER = "SimpleTableAppCoda/SimpleTableAppCoda-Prefix.pch";
				INFOPLIST_FILE = "SimpleTableAppCoda/SimpleTableAppCoda-Info.plist";
				PRODUCT_NAME = "$(TARGET_NAME)";
				WRAPPER_EXTENSION = app;
			};
			name = Debug;
		};
		8CC43AB717EA913700CFFBE0 /* Release */ = {
			isa = XCBuildConfiguration;
			buildSettings = {
				GCC_PRECOMPILE_PREFIX_HEADER = YES;
				GCC_PREFIX_HEADER = "SimpleTableAppCoda/SimpleTableAppCoda-Prefix.pch";
				INFOPLIST_FILE = "SimpleTableAppCoda/SimpleTableAppCoda-Info.plist";
				PRODUCT_NAME = "$(TARGET_NAME)";
				WRAPPER_EXTENSION = app;
			};
			name = Release;
		};
/* End XCBuildConfiguration section */

/* Begin XCConfigurationList section */
		8CC43A8B17EA913700CFFBE0 /* Build configuration list for PBXProject "SimpleTableAppCoda" */ = {
			isa = XCConfigurationList;
			buildConfigurations = (
				8CC43AB317EA913700CFFBE0 /* Debug */,
				8CC43AB417EA913700CFFBE0 /* Release */,
			);
			defaultConfigurationIsVisible = 0;
			defaultConfigurationName = Release;
		};
		8CC43AB517EA913700CFFBE0 /* Build configuration list for PBXNativeTarget "SimpleTableAppCoda" */ = {
			isa = XCConfigurationList;
			buildConfigurations = (
				8CC43AB617EA913700CFFBE0 /* Debug */,
				8CC43AB717EA913700CFFBE0 /* Release */,
			);
			defaultConfigurationIsVisible = 0;
			defaultConfigurationName = Release;
		};
/* End XCConfigurationList section */
	};
	rootObject = 8CC43A8817EA913700CFFBE0 /* Project object */;
}
